
Microsoft Visual Studio Solution File, Format Version 12.00
Project("{FAE04EC0-301F-11D3-BF4B-00C04F79EFBC}") = "store", "store\store.csproj", "{F442E45A-D9D3-4286-A298-316256C255E0}"
EndProject
Global
	GlobalSection(SolutionConfigurationPlatforms) = preSolution
		Debug|Any CPU = Debug|Any CPU
		Release|Any CPU = Release|Any CPU
	EndGlobalSection
	GlobalSection(ProjectConfigurationPlatforms) = postSolution
		{F442E45A-D9D3-4286-A298-316256C255E0}.Debug|Any CPU.ActiveCfg = Debug|Any CPU
		{F442E45A-D9D3-4286-A298-316256C255E0}.Debug|Any CPU.Build.0 = Debug|Any CPU
		{F442E45A-D9D3-4286-A298-316256C255E0}.Release|Any CPU.ActiveCfg = Release|Any CPU
		{F442E45A-D9D3-4286-A298-316256C255E0}.Release|Any CPU.Build.0 = Release|Any CPU
	EndGlobalSection
EndGlobal
